
Microsoft Visual Studio Solution File, Format Version 11.00
# Visual Studio 2010
Project("{FAE04EC0-301F-11D3-BF4B-00C04F79EFBC}") = "AstarPathfindingProject", "AstarPathfindingProject.csproj", "{957d027c-6977-4f4a-1528-4fa01907c799}"
EndProject
Project("{FAE04EC0-301F-11D3-BF4B-00C04F79EFBC}") = "Assembly-CSharp", "Assembly-CSharp.csproj", "{594c6eab-faf1-f38c-9cf4-d23c22cdae64}"
EndProject
Project("{FAE04EC0-301F-11D3-BF4B-00C04F79EFBC}") = "Unity.2D.Tilemap.Extras", "Unity.2D.Tilemap.Extras.csproj", "{d7f52b23-a9cc-1bb4-e3a2-07dbc1997e2d}"
EndProject
Project("{FAE04EC0-301F-11D3-BF4B-00C04F79EFBC}") = "Unity.2D.Tilemap.Extras.Editor", "Unity.2D.Tilemap.Extras.Editor.csproj", "{fe666db1-356c-f0d1-2c18-0f033ff8868f}"
EndProject
Project("{FAE04EC0-301F-11D3-BF4B-00C04F79EFBC}") = "AstarPathfindingProjectEditor", "AstarPathfindingProjectEditor.csproj", "{1238dc59-38c2-172e-d237-48943726a517}"
EndProject
Project("{FAE04EC0-301F-11D3-BF4B-00C04F79EFBC}") = "PackageToolsEditor", "PackageToolsEditor.csproj", "{a8d486a0-7320-5e3d-8e2e-9420973521c4}"
EndProject
Project("{FAE04EC0-301F-11D3-BF4B-00C04F79EFBC}") = "Unity.2D.Tilemap.Extras.Placeholder.EditorTests", "Unity.2D.Tilemap.Extras.Placeholder.EditorTests.csproj", "{3f083ca7-d2b1-f3c9-1116-3f0109ca7e3c}"
EndProject
Global
	GlobalSection(SolutionConfigurationPlatforms) = preSolution
		Debug|Any CPU = Debug|Any CPU
	EndGlobalSection
	GlobalSection(ProjectConfigurationPlatforms) = postSolution
		{957d027c-6977-4f4a-1528-4fa01907c799}.Debug|Any CPU.ActiveCfg = Debug|Any CPU
		{957d027c-6977-4f4a-1528-4fa01907c799}.Debug|Any CPU.Build.0 = Debug|Any CPU
		{594c6eab-faf1-f38c-9cf4-d23c22cdae64}.Debug|Any CPU.ActiveCfg = Debug|Any CPU
		{594c6eab-faf1-f38c-9cf4-d23c22cdae64}.Debug|Any CPU.Build.0 = Debug|Any CPU
		{d7f52b23-a9cc-1bb4-e3a2-07dbc1997e2d}.Debug|Any CPU.ActiveCfg = Debug|Any CPU
		{d7f52b23-a9cc-1bb4-e3a2-07dbc1997e2d}.Debug|Any CPU.Build.0 = Debug|Any CPU
		{fe666db1-356c-f0d1-2c18-0f033ff8868f}.Debug|Any CPU.ActiveCfg = Debug|Any CPU
		{fe666db1-356c-f0d1-2c18-0f033ff8868f}.Debug|Any CPU.Build.0 = Debug|Any CPU
		{1238dc59-38c2-172e-d237-48943726a517}.Debug|Any CPU.ActiveCfg = Debug|Any CPU
		{1238dc59-38c2-172e-d237-48943726a517}.Debug|Any CPU.Build.0 = Debug|Any CPU
		{a8d486a0-7320-5e3d-8e2e-9420973521c4}.Debug|Any CPU.ActiveCfg = Debug|Any CPU
		{a8d486a0-7320-5e3d-8e2e-9420973521c4}.Debug|Any CPU.Build.0 = Debug|Any CPU
		{3f083ca7-d2b1-f3c9-1116-3f0109ca7e3c}.Debug|Any CPU.ActiveCfg = Debug|Any CPU
		{3f083ca7-d2b1-f3c9-1116-3f0109ca7e3c}.Debug|Any CPU.Build.0 = Debug|Any CPU
	EndGlobalSection
	GlobalSection(SolutionProperties) = preSolution
		HideSolutionNode = FALSE
	EndGlobalSection
EndGlobal
